
Microsoft Visual Studio Solution File, Format Version 12.00
Project("{FAE04EC0-301F-11D3-BF4B-00C04F79EFBC}") = "Mission2", "Mission2.csproj", "{F909E6A0-6C9D-491B-9FAA-1168B5C9E4A1}"
EndProject
Global
	GlobalSection(SolutionConfigurationPlatforms) = preSolution
		Debug|Any CPU = Debug|Any CPU
		Release|Any CPU = Release|Any CPU
	EndGlobalSection
	GlobalSection(ProjectConfigurationPlatforms) = postSolution
		{F909E6A0-6C9D-491B-9FAA-1168B5C9E4A1}.Debug|Any CPU.ActiveCfg = Debug|Any CPU
		{F909E6A0-6C9D-491B-9FAA-1168B5C9E4A1}.Debug|Any CPU.Build.0 = Debug|Any CPU
		{F909E6A0-6C9D-491B-9FAA-1168B5C9E4A1}.Release|Any CPU.ActiveCfg = Release|Any CPU
		{F909E6A0-6C9D-491B-9FAA-1168B5C9E4A1}.Release|Any CPU.Build.0 = Release|Any CPU
	EndGlobalSection
EndGlobal
